// !$*UTF8*$!
{
	archiveVersion = 1;
	classes = {
	};
	objectVersion = 46;
	objects = {

/* Begin PBXBuildFile section */
		8911C8581B8163F000025AEB /* main.m in Sources */ = {isa = PBXBuildFile; fileRef = 8911C8571B8163F000025AEB /* main.m */; };
		8911C85B1B8163F000025AEB /* AppDelegate.m in Sources */ = {isa = PBXBuildFile; fileRef = 8911C85A1B8163F000025AEB /* AppDelegate.m */; };
		8911C85E1B8163F000025AEB /* JsonObject.xcdatamodeld in Sources */ = {isa = PBXBuildFile; fileRef = 8911C85C1B8163F000025AEB /* JsonObject.xcdatamodeld */; };
		8911C8611B8163F000025AEB /* ViewController.m in Sources */ = {isa = PBXBuildFile; fileRef = 8911C8601B8163F000025AEB /* ViewController.m */; };
		8911C8641B8163F000025AEB /* Main.storyboard in Resources */ = {isa = PBXBuildFile; fileRef = 8911C8621B8163F000025AEB /* Main.storyboard */; };
		8911C8661B8163F000025AEB /* Images.xcassets in Resources */ = {isa = PBXBuildFile; fileRef = 8911C8651B8163F000025AEB /* Images.xcassets */; };
		8911C8691B8163F000025AEB /* LaunchScreen.xib in Resources */ = {isa = PBXBuildFile; fileRef = 8911C8671B8163F000025AEB /* LaunchScreen.xib */; };
		8911C8751B8163F100025AEB /* JsonObjectTests.m in Sources */ = {isa = PBXBuildFile; fileRef = 8911C8741B8163F100025AEB /* JsonObjectTests.m */; };
/* End PBXBuildFile section */

/* Begin PBXContainerItemProxy section */
		8911C86F1B8163F100025AEB /* PBXContainerItemProxy */ = {
			isa = PBXContainerItemProxy;
			containerPortal = 8911C84A1B8163F000025AEB /* Project object */;
			proxyType = 1;
			remoteGlobalIDString = 8911C8511B8163F000025AEB;
			remoteInfo = JsonObject;
		};
/* End PBXContainerItemProxy section */

/* Begin PBXFileReference section */
		8911C8521B8163F000025AEB /* JsonObject.app */ = {isa = PBXFileReference; explicitFileType = wrapper.application; includeInIndex = 0; path = JsonObject.app; sourceTree = BUILT_PRODUCTS_DIR; };
		8911C8561B8163F000025AEB /* Info.plist */ = {isa = PBXFileReference; lastKnownFileType = text.plist.xml; path = Info.plist; sourceTree = "<group>"; };
		8911C8571B8163F000025AEB /* main.m */ = {isa = PBXFileReference; lastKnownFileType = sourcecode.c.objc; path = main.m; sourceTree = "<group>"; };
		8911C8591B8163F000025AEB /* AppDelegate.h */ = {isa = PBXFileReference; lastKnownFileType = sourcecode.c.h; path = AppDelegate.h; sourceTree = "<group>"; };
		8911C85A1B8163F000025AEB /* AppDelegate.m */ = {isa = PBXFileReference; lastKnownFileType = sourcecode.c.objc; path = AppDelegate.m; sourceTree = "<group>"; };
		8911C85D1B8163F000025AEB /* JsonObject.xcdatamodel */ = {isa = PBXFileReference; lastKnownFileType = wrapper.xcdatamodel; path = JsonObject.xcdatamodel; sourceTree = "<group>"; };
		8911C85F1B8163F000025AEB /* ViewController.h */ = {isa = PBXFileReference; lastKnownFileType = sourcecode.c.h; path = ViewController.h; sourceTree = "<group>"; };
		8911C8601B8163F000025AEB /* ViewController.m */ = {isa = PBXFileReference; lastKnownFileType = sourcecode.c.objc; path = ViewController.m; sourceTree = "<group>"; };
		8911C8631B8163F000025AEB /* Base */ = {isa = PBXFileReference; lastKnownFileType = file.storyboard; name = Base; path = Base.lproj/Main.storyboard; sourceTree = "<group>"; };
		8911C8651B8163F000025AEB /* Images.xcassets */ = {isa = PBXFileReference; lastKnownFileType = folder.assetcatalog; path = Images.xcassets; sourceTree = "<group>"; };
		8911C8681B8163F000025AEB /* Base */ = {isa = PBXFileReference; lastKnownFileType = file.xib; name = Base; path = Base.lproj/LaunchScreen.xib; sourceTree = "<group>"; };
		8911C86E1B8163F100025AEB /* JsonObjectTests.xctest */ = {isa = PBXFileReference; explicitFileType = wrapper.cfbundle; includeInIndex = 0; path = JsonObjectTests.xctest; sourceTree = BUILT_PRODUCTS_DIR; };
		8911C8731B8163F100025AEB /* Info.plist */ = {isa = PBXFileReference; lastKnownFileType = text.plist.xml; path = Info.plist; sourceTree = "<group>"; };
		8911C8741B8163F100025AEB /* JsonObjectTests.m */ = {isa = PBXFileReference; lastKnownFileType = sourcecode.c.objc; path = JsonObjectTests.m; sourceTree = "<group>"; };
/* End PBXFileReference section */

/* Begin PBXFrameworksBuildPhase section */
		8911C84F1B8163F000025AEB /* Frameworks */ = {
			isa = PBXFrameworksBuildPhase;
			buildActionMask = 2147483647;
			files = (
			);
			runOnlyForDeploymentPostprocessing = 0;
		};
		8911C86B1B8163F100025AEB /* Frameworks */ = {
			isa = PBXFrameworksBuildPhase;
			buildActionMask = 2147483647;
			files = (
			);
			runOnlyForDeploymentPostprocessing = 0;
		};
/* End PBXFrameworksBuildPhase section */

/* Begin PBXGroup section */
		8911C8491B8163F000025AEB = {
			isa = PBXGroup;
			children = (
				8911C8541B8163F000025AEB /* JsonObject */,
				8911C8711B8163F100025AEB /* JsonObjectTests */,
				8911C8531B8163F000025AEB /* Products */,
			);
			sourceTree = "<group>";
		};
		8911C8531B8163F000025AEB /* Products */ = {
			isa = PBXGroup;
			children = (
				8911C8521B8163F000025AEB /* JsonObject.app */,
				8911C86E1B8163F100025AEB /* JsonObjectTests.xctest */,
			);
			name = Products;
			sourceTree = "<group>";
		};
		8911C8541B8163F000025AEB /* JsonObject */ = {
			isa = PBXGroup;
			children = (
				8911C8591B8163F000025AEB /* AppDelegate.h */,
				8911C85A1B8163F000025AEB /* AppDelegate.m */,
				8911C85F1B8163F000025AEB /* ViewController.h */,
				8911C8601B8163F000025AEB /* ViewController.m */,
				8911C8621B8163F000025AEB /* Main.storyboard */,
				8911C8651B8163F000025AEB /* Images.xcassets */,
				8911C8671B8163F000025AEB /* LaunchScreen.xib */,
				8911C85C1B8163F000025AEB /* JsonObject.xcdatamodeld */,
				8911C8551B8163F000025AEB /* Supporting Files */,
			);
			path = JsonObject;
			sourceTree = "<group>";
		};
		8911C8551B8163F000025AEB /* Supporting Files */ = {
			isa = PBXGroup;
			children = (
				8911C8561B8163F000025AEB /* Info.plist */,
				8911C8571B8163F000025AEB /* main.m */,
			);
			name = "Supporting Files";
			sourceTree = "<group>";
		};
		8911C8711B8163F100025AEB /* JsonObjectTests */ = {
			isa = PBXGroup;
			children = (
				8911C8741B8163F100025AEB /* JsonObjectTests.m */,
				8911C8721B8163F100025AEB /* Supporting Files */,
			);
			path = JsonObjectTests;
			sourceTree = "<group>";
		};
		8911C8721B8163F100025AEB /* Supporting Files */ = {
			isa = PBXGroup;
			children = (
				8911C8731B8163F100025AEB /* Info.plist */,
			);
			name = "Supporting Files";
			sourceTree = "<group>";
		};
/* End PBXGroup section */

/* Begin PBXNativeTarget section */
		8911C8511B8163F000025AEB /* JsonObject */ = {
			isa = PBXNativeTarget;
			buildConfigurationList = 8911C8781B8163F100025AEB /* Build configuration list for PBXNativeTarget "JsonObject" */;
			buildPhases = (
				8911C84E1B8163F000025AEB /* Sources */,
				8911C84F1B8163F000025AEB /* Frameworks */,
				8911C8501B8163F000025AEB /* Resources */,
			);
			buildRules = (
			);
			dependencies = (
			);
			name = JsonObject;
			productName = JsonObject;
			productReference = 8911C8521B8163F000025AEB /* JsonObject.app */;
			productType = "com.apple.product-type.application";
		};
		8911C86D1B8163F100025AEB /* JsonObjectTests */ = {
			isa = PBXNativeTarget;
			buildConfigurationList = 8911C87B1B8163F100025AEB /* Build configuration list for PBXNativeTarget "JsonObjectTests" */;
			buildPhases = (
				8911C86A1B8163F100025AEB /* Sources */,
				8911C86B1B8163F100025AEB /* Frameworks */,
				8911C86C1B8163F100025AEB /* Resources */,
			);
			buildRules = (
			);
			dependencies = (
				8911C8701B8163F100025AEB /* PBXTargetDependency */,
			);
			name = JsonObjectTests;
			productName = JsonObjectTests;
			productReference = 8911C86E1B8163F100025AEB /* JsonObjectTests.xctest */;
			productType = "com.apple.product-type.bundle.unit-test";
		};
/* End PBXNativeTarget section */

/* Begin PBXProject section */
		8911C84A1B8163F000025AEB /* Project object */ = {
			isa = PBXProject;
			attributes = {
				LastUpgradeCheck = 0640;
				ORGANIZATIONNAME = jesusnajar;
				TargetAttributes = {
					8911C8511B8163F000025AEB = {
						CreatedOnToolsVersion = 6.4;
					};
					8911C86D1B8163F100025AEB = {
						CreatedOnToolsVersion = 6.4;
						TestTargetID = 8911C8511B8163F000025AEB;
					};
				};
			};
			buildConfigurationList = 8911C84D1B8163F000025AEB /* Build configuration list for PBXProject "JsonObject" */;
			compatibilityVersion = "Xcode 3.2";
			developmentRegion = English;
			hasScannedForEncodings = 0;
			knownRegions = (
				en,
				Base,
			);
			mainGroup = 8911C8491B8163F000025AEB;
			productRefGroup = 8911C8531B8163F000025AEB /* Products */;
			projectDirPath = "";
			projectRoot = "";
			targets = (
				8911C8511B8163F000025AEB /* JsonObject */,
				8911C86D1B8163F100025AEB /* JsonObjectTests */,
			);
		};
/* End PBXProject section */

/* Begin PBXResourcesBuildPhase section */
		8911C8501B8163F000025AEB /* Resources */ = {
			isa = PBXResourcesBuildPhase;
			buildActionMask = 2147483647;
			files = (
				8911C8641B8163F000025AEB /* Main.storyboard in Resources */,
				8911C8691B8163F000025AEB /* LaunchScreen.xib in Resources */,
				8911C8661B8163F000025AEB /* Images.xcassets in Resources */,
			);
			runOnlyForDeploymentPostprocessing = 0;
		};
		8911C86C1B8163F100025AEB /* Resources */ = {
			isa = PBXResourcesBuildPhase;
			buildActionMask = 2147483647;
			files = (
			);
			runOnlyForDeploymentPostprocessing = 0;
		};
/* End PBXResourcesBuildPhase section */

/* Begin PBXSourcesBuildPhase section */
		8911C84E1B8163F000025AEB /* Sources */ = {
			isa = PBXSourcesBuildPhase;
			buildActionMask = 2147483647;
			files = (
				8911C85B1B8163F000025AEB /* AppDelegate.m in Sources */,
				8911C8581B8163F000025AEB /* main.m in Sources */,
				8911C8611B8163F000025AEB /* ViewController.m in Sources */,
				8911C85E1B8163F000025AEB /* JsonObject.xcdatamodeld in Sources */,
			);
			runOnlyForDeploymentPostprocessing = 0;
		};
		8911C86A1B8163F100025AEB /* Sources */ = {
			isa = PBXSourcesBuildPhase;
			buildActionMask = 2147483647;
			files = (
				8911C8751B8163F100025AEB /* JsonObjectTests.m in Sources */,
			);
			runOnlyForDeploymentPostprocessing = 0;
		};
/* End PBXSourcesBuildPhase section */

/* Begin PBXTargetDependency section */
		8911C8701B8163F100025AEB /* PBXTargetDependency */ = {
			isa = PBXTargetDependency;
			target = 8911C8511B8163F000025AEB /* JsonObject */;
			targetProxy = 8911C86F1B8163F100025AEB /* PBXContainerItemProxy */;
		};
/* End PBXTargetDependency section */

/* Begin PBXVariantGroup section */
		8911C8621B8163F000025AEB /* Main.storyboard */ = {
			isa = PBXVariantGroup;
			children = (
				8911C8631B8163F000025AEB /* Base */,
			);
			name = Main.storyboard;
			sourceTree = "<group>";
		};
		8911C8671B8163F000025AEB /* LaunchScreen.xib */ = {
			isa = PBXVariantGroup;
			children = (
				8911C8681B8163F000025AEB /* Base */,
			);
			name = LaunchScreen.xib;
			sourceTree = "<group>";
		};
/* End PBXVariantGroup section */

/* Begin XCBuildConfiguration section */
		8911C8761B8163F100025AEB /* Debug */ = {
			isa = XCBuildConfiguration;
			buildSettings = {
				ALWAYS_SEARCH_USER_PATHS = NO;
				CLANG_CXX_LANGUAGE_STANDARD = "gnu++0x";
				CLANG_CXX_LIBRARY = "libc++";
				CLANG_ENABLE_MODULES = YES;
				CLANG_ENABLE_OBJC_ARC = YES;
				CLANG_WARN_BOOL_CONVERSION = YES;
				CLANG_WARN_CONSTANT_CONVERSION = YES;
				CLANG_WARN_DIRECT_OBJC_ISA_USAGE = YES_ERROR;
				CLANG_WARN_EMPTY_BODY = YES;
				CLANG_WARN_ENUM_CONVERSION = YES;
				CLANG_WARN_INT_CONVERSION = YES;
				CLANG_WARN_OBJC_ROOT_CLASS = YES_ERROR;
				CLANG_WARN_UNREACHABLE_CODE = YES;
				CLANG_WARN__DUPLICATE_METHOD_MATCH = YES;
				"CODE_SIGN_IDENTITY[sdk=iphoneos*]" = "iPhone Developer";
				COPY_PHASE_STRIP = NO;
				DEBUG_INFORMATION_FORMAT = "dwarf-with-dsym";
				ENABLE_STRICT_OBJC_MSGSEND = YES;
				GCC_C_LANGUAGE_STANDARD = gnu99;
				GCC_DYNAMIC_NO_PIC = NO;
				GCC_NO_COMMON_BLOCKS = YES;
				GCC_OPTIMIZATION_LEVEL = 0;
				GCC_PREPROCESSOR_DEFINITIONS = (
					"DEBUG=1",
					"$(inherited)",
				);
				GCC_SYMBOLS_PRIVATE_EXTERN = NO;
				GCC_WARN_64_TO_32_BIT_CONVERSION = YES;
				GCC_WARN_ABOUT_RETURN_TYPE = YES_ERROR;
				GCC_WARN_UNDECLARED_SELECTOR = YES;
				GCC_WARN_UNINITIALIZED_AUTOS = YES_AGGRESSIVE;
				GCC_WARN_UNUSED_FUNCTION = YES;
				GCC_WARN_UNUSED_VARIABLE = YES;
				IPHONEOS_DEPLOYMENT_TARGET = 8.4;
				MTL_ENABLE_DEBUG_INFO = YES;
				ONLY_ACTIVE_ARCH = YES;
				SDKROOT = iphoneos;
			};
			name = Debug;
		};
		8911C8771B8163F100025AEB /* Release */ = {
			isa = XCBuildConfiguration;
			buildSettings = {
				ALWAYS_SEARCH_USER_PATHS = NO;
				CLANG_CXX_LANGUAGE_STANDARD = "gnu++0x";
				CLANG_CXX_LIBRARY = "libc++";
				CLANG_ENABLE_MODULES = YES;
				CLANG_ENABLE_OBJC_ARC = YES;
				CLANG_WARN_BOOL_CONVERSION = YES;
				CLANG_WARN_CONSTANT_CONVERSION = YES;
				CLANG_WARN_DIRECT_OBJC_ISA_USAGE = YES_ERROR;
				CLANG_WARN_EMPTY_BODY = YES;
				CLANG_WARN_ENUM_CONVERSION = YES;
				CLANG_WARN_INT_CONVERSION = YES;
				CLANG_WARN_OBJC_ROOT_CLASS = YES_ERROR;
				CLANG_WARN_UNREACHABLE_CODE = YES;
				CLANG_WARN__DUPLICATE_METHOD_MATCH = YES;
				"CODE_SIGN_IDENTITY[sdk=iphoneos*]" = "iPhone Developer";
				COPY_PHASE_STRIP = NO;
				DEBUG_INFORMATION_FORMAT = "dwarf-with-dsym";
				ENABLE_NS_ASSERTIONS = NO;
				ENABLE_STRICT_OBJC_MSGSEND = YES;
				GCC_C_LANGUAGE_STANDARD = gnu99;
				GCC_NO_COMMON_BLOCKS = YES;
				GCC_WARN_64_TO_32_BIT_CONVERSION = YES;
				GCC_WARN_ABOUT_RETURN_TYPE = YES_ERROR;
				GCC_WARN_UNDECLARED_SELECTOR = YES;
				GCC_WARN_UNINITIALIZED_AUTOS = YES_AGGRESSIVE;
				GCC_WARN_UNUSED_FUNCTION = YES;
				GCC_WARN_UNUSED_VARIABLE = YES;
				IPHONEOS_DEPLOYMENT_TARGET = 8.4;
				MTL_ENABLE_DEBUG_INFO = NO;
				SDKROOT = iphoneos;
				VALIDATE_PRODUCT = YES;
			};
			name = Release;
		};
		8911C8791B8163F100025AEB /* Debug */ = {
			isa = XCBuildConfiguration;
			buildSettings = {
				ASSETCATALOG_COMPILER_APPICON_NAME = AppIcon;
				INFOPLIST_FILE = JsonObject/Info.plist;
				LD_RUNPATH_SEARCH_PATHS = "$(inherited) @executable_path/Frameworks";
				PRODUCT_NAME = "$(TARGET_NAME)";
			};
			name = Debug;
		};
		8911C87A1B8163F100025AEB /* Release */ = {
			isa = XCBuildConfiguration;
			buildSettings = {
				ASSETCATALOG_COMPILER_APPICON_NAME = AppIcon;
				INFOPLIST_FILE = JsonObject/Info.plist;
				LD_RUNPATH_SEARCH_PATHS = "$(inherited) @executable_path/Frameworks";
				PRODUCT_NAME = "$(TARGET_NAME)";
			};
			name = Release;
		};
		8911C87C1B8163F100025AEB /* Debug */ = {
			isa = XCBuildConfiguration;
			buildSettings = {
				BUNDLE_LOADER = "$(TEST_HOST)";
				FRAMEWORK_SEARCH_PATHS = (
					"$(SDKROOT)/Developer/Library/Frameworks",
					"$(inherited)",
				);
				GCC_PREPROCESSOR_DEFINITIONS = (
					"DEBUG=1",
					"$(inherited)",
				);
				INFOPLIST_FILE = JsonObjectTests/Info.plist;
				LD_RUNPATH_SEARCH_PATHS = "$(inherited) @executable_path/Frameworks @loader_path/Frameworks";
				PRODUCT_NAME = "$(TARGET_NAME)";
				TEST_HOST = "$(BUILT_PRODUCTS_DIR)/JsonObject.app/JsonObject";
			};
			name = Debug;
		};
		8911C87D1B8163F100025AEB /* Release */ = {
			isa = XCBuildConfiguration;
			buildSettings = {
				BUNDLE_LOADER = "$(TEST_HOST)";
				FRAMEWORK_SEARCH_PATHS = (
					"$(SDKROOT)/Developer/Library/Frameworks",
					"$(inherited)",
				);
				INFOPLIST_FILE = JsonObjectTests/Info.plist;
				LD_RUNPATH_SEARCH_PATHS = "$(inherited) @executable_path/Frameworks @loader_path/Frameworks";
				PRODUCT_NAME = "$(TARGET_NAME)";
				TEST_HOST = "$(BUILT_PRODUCTS_DIR)/JsonObject.app/JsonObject";
			};
			name = Release;
		};
/* End XCBuildConfiguration section */

/* Begin XCConfigurationList section */
		8911C84D1B8163F000025AEB /* Build configuration list for PBXProject "JsonObject" */ = {
			isa = XCConfigurationList;
			buildConfigurations = (
				8911C8761B8163F100025AEB /* Debug */,
				8911C8771B8163F100025AEB /* Release */,
			);
			defaultConfigurationIsVisible = 0;
			defaultConfigurationName = Release;
		};
		8911C8781B8163F100025AEB /* Build configuration list for PBXNativeTarget "JsonObject" */ = {
			isa = XCConfigurationList;
			buildConfigurations = (
				8911C8791B8163F100025AEB /* Debug */,
				8911C87A1B8163F100025AEB /* Release */,
			);
			defaultConfigurationIsVisible = 0;
		};
		8911C87B1B8163F100025AEB /* Build configuration list for PBXNativeTarget "JsonObjectTests" */ = {
			isa = XCConfigurationList;
			buildConfigurations = (
				8911C87C1B8163F100025AEB /* Debug */,
				8911C87D1B8163F100025AEB /* Release */,
			);
			defaultConfigurationIsVisible = 0;
		};
/* End XCConfigurationList section */

/* Begin XCVersionGroup section */
		8911C85C1B8163F000025AEB /* JsonObject.xcdatamodeld */ = {
			isa = XCVersionGroup;
			children = (
				8911C85D1B8163F000025AEB /* JsonObject.xcdatamodel */,
			);
			currentVersion = 8911C85D1B8163F000025AEB /* JsonObject.xcdatamodel */;
			path = JsonObject.xcdatamodeld;
			sourceTree = "<group>";
			versionGroupType = wrapper.xcdatamodel;
		};
/* End XCVersionGroup section */
	};
	rootObject = 8911C84A1B8163F000025AEB /* Project object */;
}
